
Microsoft Visual Studio Solution File, Format Version 12.00
# Visual Studio Version 17
VisualStudioVersion = 17.7.34202.233
MinimumVisualStudioVersion = 10.0.40219.1
Project("{8BC9CEB8-8B4A-11D0-8D11-00A0C91BC942}") = "soulengine-decompiler", "soulengine-decompiler.vcxproj", "{C4693FD2-4F72-468B-BA5D-730A1FBCFCB2}"
EndProject
Global
	GlobalSection(SolutionConfigurationPlatforms) = preSolution
		Debug|x64 = Debug|x64
		Debug|x86 = Debug|x86
		Release|x64 = Release|x64
		Release|x86 = Release|x86
	EndGlobalSection
	GlobalSection(ProjectConfigurationPlatforms) = postSolution
		{C4693FD2-4F72-468B-BA5D-730A1FBCFCB2}.Debug|x64.ActiveCfg = Debug|x64
		{C4693FD2-4F72-468B-BA5D-730A1FBCFCB2}.Debug|x64.Build.0 = Debug|x64
		{C4693FD2-4F72-468B-BA5D-730A1FBCFCB2}.Debug|x86.ActiveCfg = Debug|Win32
		{C4693FD2-4F72-468B-BA5D-730A1FBCFCB2}.Debug|x86.Build.0 = Debug|Win32
		{C4693FD2-4F72-468B-BA5D-730A1FBCFCB2}.Release|x64.ActiveCfg = Release|x64
		{C4693FD2-4F72-468B-BA5D-730A1FBCFCB2}.Release|x64.Build.0 = Release|x64
		{C4693FD2-4F72-468B-BA5D-730A1FBCFCB2}.Release|x86.ActiveCfg = Release|Win32
		{C4693FD2-4F72-468B-BA5D-730A1FBCFCB2}.Release|x86.Build.0 = Release|Win32
	EndGlobalSection
	GlobalSection(SolutionProperties) = preSolution
		HideSolutionNode = FALSE
	EndGlobalSection
	GlobalSection(ExtensibilityGlobals) = postSolution
		SolutionGuid = {DF5CA055-97F0-459F-A064-DA05435D00F1}
	EndGlobalSection
EndGlobal
